
Microsoft Visual Studio Solution File, Format Version 12.00
# Visual Studio Version 17
VisualStudioVersion = 17.0.31903.59
MinimumVisualStudioVersion = 10.0.40219.1
Project("{2150E333-8FDC-42A3-9474-1A3956D46DE8}") = "src", "src", "{827E0CD3-B72D-47B6-A68D-7590B98EB39B}"
EndProject
Project("{2150E333-8FDC-42A3-9474-1A3956D46DE8}") = "BuildingBlocks", "BuildingBlocks", "{90298CBA-BD6F-3A0A-69D5-97CAD7B05E7E}"
EndProject
Project("{FAE04EC0-301F-11D3-BF4B-00C04F79EFBC}") = "Techodist.BuildingBlocks.Core", "src\BuildingBlocks\Techodist.BuildingBlocks.Core\Techodist.BuildingBlocks.Core.csproj", "{D9659F4B-1164-44C2-B770-6D64B3C226C6}"
EndProject
Project("{FAE04EC0-301F-11D3-BF4B-00C04F79EFBC}") = "Techodist.BuildingBlocks.Messaging", "src\BuildingBlocks\Techodist.BuildingBlocks.Messaging\Techodist.BuildingBlocks.Messaging.csproj", "{4844E056-17B2-42E1-8AE7-9A3721C49BEC}"
EndProject
Project("{FAE04EC0-301F-11D3-BF4B-00C04F79EFBC}") = "Techodist.BuildingBlocks.Observability", "src\BuildingBlocks\Techodist.BuildingBlocks.Observability\Techodist.BuildingBlocks.Observability.csproj", "{B0CAC514-71C8-4E29-A7EA-0709A2CE8085}"
EndProject
Project("{FAE04EC0-301F-11D3-BF4B-00C04F79EFBC}") = "Techodist.BuildingBlocks.Web", "src\BuildingBlocks\Techodist.BuildingBlocks.Web\Techodist.BuildingBlocks.Web.csproj", "{A4F3FA08-3BDC-4610-BDE7-F97B73D86C38}"
EndProject
Project("{2150E333-8FDC-42A3-9474-1A3956D46DE8}") = "Services", "Services", "{984BB9B3-3FA3-BE33-9484-CAC21695A33C}"
EndProject
Project("{2150E333-8FDC-42A3-9474-1A3956D46DE8}") = "Catalog", "Catalog", "{C91C1CF1-1625-0789-F869-53D87D6277BA}"
EndProject
Project("{FAE04EC0-301F-11D3-BF4B-00C04F79EFBC}") = "Techodist.Catalog.Domain", "src\Services\Catalog\Techodist.Catalog.Domain\Techodist.Catalog.Domain.csproj", "{4F0C6ABF-D95C-40B1-9DE8-133754914BF9}"
EndProject
Project("{FAE04EC0-301F-11D3-BF4B-00C04F79EFBC}") = "Techodist.Catalog.Application", "src\Services\Catalog\Techodist.Catalog.Application\Techodist.Catalog.Application.csproj", "{8F0D0962-13C2-4573-82B3-318E3F2307A7}"
EndProject
Project("{FAE04EC0-301F-11D3-BF4B-00C04F79EFBC}") = "Techodist.Catalog.Infrastructure", "src\Services\Catalog\Techodist.Catalog.Infrastructure\Techodist.Catalog.Infrastructure.csproj", "{4016B36E-25EF-4C67-BC13-84C3C307028E}"
EndProject
Project("{FAE04EC0-301F-11D3-BF4B-00C04F79EFBC}") = "Techodist.Catalog.Api", "src\Services\Catalog\Techodist.Catalog.Api\Techodist.Catalog.Api.csproj", "{0023D25B-4D85-4EDD-9AB7-958F5BB138F9}"
EndProject
Project("{2150E333-8FDC-42A3-9474-1A3956D46DE8}") = "tests", "tests", "{583F9C51-22B8-59F5-4A60-045B52DD079E}"
EndProject
Project("{FAE04EC0-301F-11D3-BF4B-00C04F79EFBC}") = "Techodist.Catalog.UnitTests", "src\Services\Catalog\tests\Techodist.Catalog.UnitTests\Techodist.Catalog.UnitTests.csproj", "{D6F5B46B-344D-481C-B833-880F2FAB4BDA}"
EndProject
Project("{FAE04EC0-301F-11D3-BF4B-00C04F79EFBC}") = "Techodist.BuildingBlocks.Application", "src\BuildingBlocks\Techodist.BuildingBlocks.Application\Techodist.BuildingBlocks.Application.csproj", "{9DCF3A16-A3A3-474A-8E08-0254FADE4E6E}"
EndProject
Project("{2150E333-8FDC-42A3-9474-1A3956D46DE8}") = "Identity", "Identity", "{1BFC9479-12BF-35C3-06B8-42D89D95092B}"
EndProject
Project("{FAE04EC0-301F-11D3-BF4B-00C04F79EFBC}") = "Techodist.Identity.Domain", "src\Services\Identity\Techodist.Identity.Domain\Techodist.Identity.Domain.csproj", "{BCEDAB89-7D11-46CB-A5C0-D1DB84F1DA9D}"
EndProject
Project("{FAE04EC0-301F-11D3-BF4B-00C04F79EFBC}") = "Techodist.Identity.Application", "src\Services\Identity\Techodist.Identity.Application\Techodist.Identity.Application.csproj", "{CE7B0ACF-E56D-494A-9601-EB77714FD3D4}"
EndProject
Project("{FAE04EC0-301F-11D3-BF4B-00C04F79EFBC}") = "Techodist.Identity.Infrastructure", "src\Services\Identity\Techodist.Identity.Infrastructure\Techodist.Identity.Infrastructure.csproj", "{F96C6CC7-DCF1-4D79-BEC7-A0033C6B812F}"
EndProject
Project("{FAE04EC0-301F-11D3-BF4B-00C04F79EFBC}") = "Techodist.Identity.Api", "src\Services\Identity\Techodist.Identity.Api\Techodist.Identity.Api.csproj", "{058C64AF-D90F-41BD-9208-7418FD12C6F9}"
EndProject
Project("{2150E333-8FDC-42A3-9474-1A3956D46DE8}") = "tests", "tests", "{D684364B-7378-6B54-42D8-7540C883410F}"
EndProject
Project("{FAE04EC0-301F-11D3-BF4B-00C04F79EFBC}") = "Techodist.Identity.UnitTests", "src\Services\Identity\tests\Techodist.Identity.UnitTests\Techodist.Identity.UnitTests.csproj", "{ADD8088A-C803-4AAE-984F-43758ABEB6DF}"
EndProject
Project("{2150E333-8FDC-42A3-9474-1A3956D46DE8}") = "Identity", "Identity", "{2FA89949-C014-61E3-9766-4043502A0423}"
EndProject
Project("{2150E333-8FDC-42A3-9474-1A3956D46DE8}") = "tests", "tests", "{47141703-2786-9EB0-78F1-D74651447BA1}"
EndProject
Project("{2150E333-8FDC-42A3-9474-1A3956D46DE8}") = "ApiGateway", "ApiGateway", "{FCA01246-F2C6-0AA7-D43F-FD13BE0B9D88}"
EndProject
Project("{FAE04EC0-301F-11D3-BF4B-00C04F79EFBC}") = "Techodist.ApiGateway", "src\ApiGateway\Techodist.ApiGateway\Techodist.ApiGateway.csproj", "{EFAB5E0F-971A-4F6B-89A5-253AE8D13BE6}"
EndProject
Project("{2150E333-8FDC-42A3-9474-1A3956D46DE8}") = "tests", "tests", "{20ADED50-C1A1-0332-EDBE-CEF2A625A54E}"
EndProject
Project("{FAE04EC0-301F-11D3-BF4B-00C04F79EFBC}") = "Techodist.ApiGateway.UnitTests", "src\ApiGateway\tests\Techodist.ApiGateway.UnitTests\Techodist.ApiGateway.UnitTests.csproj", "{0D5187A9-D476-489E-B1BC-9AAC4A7A96BE}"
EndProject
Project("{2150E333-8FDC-42A3-9474-1A3956D46DE8}") = "ApiGateway", "ApiGateway", "{25D181DD-5CC9-F0B3-C64F-91E1AA77FD70}"
EndProject
Project("{2150E333-8FDC-42A3-9474-1A3956D46DE8}") = "tests", "tests", "{3D7BFF9F-A5B6-6FDF-8387-0A26B1AE0AA3}"
EndProject
Project("{2150E333-8FDC-42A3-9474-1A3956D46DE8}") = "Basket", "Basket", "{6C0557C3-B1C9-A54D-46F8-F4FBBDE30E30}"
EndProject
Project("{FAE04EC0-301F-11D3-BF4B-00C04F79EFBC}") = "Techodist.Basket.Domain", "src\Services\Basket\Techodist.Basket.Domain\Techodist.Basket.Domain.csproj", "{FD9FA824-4822-4A7F-BABB-9720DFEBA8D3}"
EndProject
Project("{FAE04EC0-301F-11D3-BF4B-00C04F79EFBC}") = "Techodist.Basket.Application", "src\Services\Basket\Techodist.Basket.Application\Techodist.Basket.Application.csproj", "{0F7483ED-ACB4-48A9-83FF-8841C52655E2}"
EndProject
Project("{FAE04EC0-301F-11D3-BF4B-00C04F79EFBC}") = "Techodist.Basket.Infrastructure", "src\Services\Basket\Techodist.Basket.Infrastructure\Techodist.Basket.Infrastructure.csproj", "{D8DD4A3C-4CD4-4899-BB0F-26F3E894DA27}"
EndProject
Project("{FAE04EC0-301F-11D3-BF4B-00C04F79EFBC}") = "Techodist.Basket.Api", "src\Services\Basket\Techodist.Basket.Api\Techodist.Basket.Api.csproj", "{AD4656E3-26B7-460A-B79B-E8A72B0E9139}"
EndProject
Project("{2150E333-8FDC-42A3-9474-1A3956D46DE8}") = "tests", "tests", "{20076449-1E2B-E682-1BE4-27009130315C}"
EndProject
Project("{FAE04EC0-301F-11D3-BF4B-00C04F79EFBC}") = "Techodist.Basket.UnitTests", "src\Services\Basket\tests\Techodist.Basket.UnitTests\Techodist.Basket.UnitTests.csproj", "{DCD6B960-0239-42C5-871A-716CF427CB2D}"
EndProject
Project("{2150E333-8FDC-42A3-9474-1A3956D46DE8}") = "Order", "Order", "{B851199A-4979-E597-3D50-97AC5992BBAF}"
EndProject
Project("{FAE04EC0-301F-11D3-BF4B-00C04F79EFBC}") = "Techodist.Order.Domain", "src\Services\Order\Techodist.Order.Domain\Techodist.Order.Domain.csproj", "{09B30344-B57D-46A7-BEF6-93BBA1C89D87}"
EndProject
Project("{FAE04EC0-301F-11D3-BF4B-00C04F79EFBC}") = "Techodist.Order.Application", "src\Services\Order\Techodist.Order.Application\Techodist.Order.Application.csproj", "{EA4A0722-E0AB-4B8F-B3DB-4A99B62979B5}"
EndProject
Project("{FAE04EC0-301F-11D3-BF4B-00C04F79EFBC}") = "Techodist.Order.Infrastructure", "src\Services\Order\Techodist.Order.Infrastructure\Techodist.Order.Infrastructure.csproj", "{DD62DA6F-DCA5-4EB1-B56A-C518326D3CB5}"
EndProject
Project("{FAE04EC0-301F-11D3-BF4B-00C04F79EFBC}") = "Techodist.Order.Api", "src\Services\Order\Techodist.Order.Api\Techodist.Order.Api.csproj", "{4F661683-0377-44AF-B6AA-1B1C1DD8A8B4}"
EndProject
Project("{2150E333-8FDC-42A3-9474-1A3956D46DE8}") = "tests", "tests", "{9C606262-8759-516F-E310-6F6FFE6750DD}"
EndProject
Project("{FAE04EC0-301F-11D3-BF4B-00C04F79EFBC}") = "Techodist.Order.UnitTests", "src\Services\Order\tests\Techodist.Order.UnitTests\Techodist.Order.UnitTests.csproj", "{781D1220-E4B1-4ADF-AA97-EAD415E7C1CC}"
EndProject
Project("{2150E333-8FDC-42A3-9474-1A3956D46DE8}") = "Notification", "Notification", "{C5FBE174-8E0F-F5A3-B929-8BD0C55C0A32}"
EndProject
Project("{FAE04EC0-301F-11D3-BF4B-00C04F79EFBC}") = "Techodist.Notification.Application", "src\Services\Notification\Techodist.Notification.Application\Techodist.Notification.Application.csproj", "{49C8C2A6-CAF4-4307-BC49-58AAA75F3530}"
EndProject
Project("{FAE04EC0-301F-11D3-BF4B-00C04F79EFBC}") = "Techodist.Notification.Infrastructure", "src\Services\Notification\Techodist.Notification.Infrastructure\Techodist.Notification.Infrastructure.csproj", "{672AC3DD-69BD-4E44-85CD-9F6ED65F4C12}"
EndProject
Project("{FAE04EC0-301F-11D3-BF4B-00C04F79EFBC}") = "Techodist.Notification.Api", "src\Services\Notification\Techodist.Notification.Api\Techodist.Notification.Api.csproj", "{B4D1E7A2-5C63-4F18-9A7E-2D3C4B5A6978}"
EndProject
Project("{2150E333-8FDC-42A3-9474-1A3956D46DE8}") = "tests", "tests", "{E5B34BB3-79D8-3026-7C96-4AAC5E2A72D5}"
EndProject
Project("{FAE04EC0-301F-11D3-BF4B-00C04F79EFBC}") = "Techodist.Notification.UnitTests", "src\Services\Notification\tests\Techodist.Notification.UnitTests\Techodist.Notification.UnitTests.csproj", "{A6D77A18-E83B-4662-9366-09717BB7E2B4}"
EndProject
Global
	GlobalSection(SolutionConfigurationPlatforms) = preSolution
		Debug|Any CPU = Debug|Any CPU
		Debug|x64 = Debug|x64
		Debug|x86 = Debug|x86
		Release|Any CPU = Release|Any CPU
		Release|x64 = Release|x64
		Release|x86 = Release|x86
	EndGlobalSection
	GlobalSection(ProjectConfigurationPlatforms) = postSolution
		{D9659F4B-1164-44C2-B770-6D64B3C226C6}.Debug|Any CPU.ActiveCfg = Debug|Any CPU
		{D9659F4B-1164-44C2-B770-6D64B3C226C6}.Debug|Any CPU.Build.0 = Debug|Any CPU
		{D9659F4B-1164-44C2-B770-6D64B3C226C6}.Debug|x64.ActiveCfg = Debug|Any CPU
		{D9659F4B-1164-44C2-B770-6D64B3C226C6}.Debug|x64.Build.0 = Debug|Any CPU
		{D9659F4B-1164-44C2-B770-6D64B3C226C6}.Debug|x86.ActiveCfg = Debug|Any CPU
		{D9659F4B-1164-44C2-B770-6D64B3C226C6}.Debug|x86.Build.0 = Debug|Any CPU
		{D9659F4B-1164-44C2-B770-6D64B3C226C6}.Release|Any CPU.ActiveCfg = Release|Any CPU
		{D9659F4B-1164-44C2-B770-6D64B3C226C6}.Release|Any CPU.Build.0 = Release|Any CPU
		{D9659F4B-1164-44C2-B770-6D64B3C226C6}.Release|x64.ActiveCfg = Release|Any CPU
		{D9659F4B-1164-44C2-B770-6D64B3C226C6}.Release|x64.Build.0 = Release|Any CPU
		{D9659F4B-1164-44C2-B770-6D64B3C226C6}.Release|x86.ActiveCfg = Release|Any CPU
		{D9659F4B-1164-44C2-B770-6D64B3C226C6}.Release|x86.Build.0 = Release|Any CPU
		{4844E056-17B2-42E1-8AE7-9A3721C49BEC}.Debug|Any CPU.ActiveCfg = Debug|Any CPU
		{4844E056-17B2-42E1-8AE7-9A3721C49BEC}.Debug|Any CPU.Build.0 = Debug|Any CPU
		{4844E056-17B2-42E1-8AE7-9A3721C49BEC}.Debug|x64.ActiveCfg = Debug|Any CPU
		{4844E056-17B2-42E1-8AE7-9A3721C49BEC}.Debug|x64.Build.0 = Debug|Any CPU
		{4844E056-17B2-42E1-8AE7-9A3721C49BEC}.Debug|x86.ActiveCfg = Debug|Any CPU
		{4844E056-17B2-42E1-8AE7-9A3721C49BEC}.Debug|x86.Build.0 = Debug|Any CPU
		{4844E056-17B2-42E1-8AE7-9A3721C49BEC}.Release|Any CPU.ActiveCfg = Release|Any CPU
		{4844E056-17B2-42E1-8AE7-9A3721C49BEC}.Release|Any CPU.Build.0 = Release|Any CPU
		{4844E056-17B2-42E1-8AE7-9A3721C49BEC}.Release|x64.ActiveCfg = Release|Any CPU
		{4844E056-17B2-42E1-8AE7-9A3721C49BEC}.Release|x64.Build.0 = Release|Any CPU
		{4844E056-17B2-42E1-8AE7-9A3721C49BEC}.Release|x86.ActiveCfg = Release|Any CPU
		{4844E056-17B2-42E1-8AE7-9A3721C49BEC}.Release|x86.Build.0 = Release|Any CPU
		{B0CAC514-71C8-4E29-A7EA-0709A2CE8085}.Debug|Any CPU.ActiveCfg = Debug|Any CPU
		{B0CAC514-71C8-4E29-A7EA-0709A2CE8085}.Debug|Any CPU.Build.0 = Debug|Any CPU
		{B0CAC514-71C8-4E29-A7EA-0709A2CE8085}.Debug|x64.ActiveCfg = Debug|Any CPU
		{B0CAC514-71C8-4E29-A7EA-0709A2CE8085}.Debug|x64.Build.0 = Debug|Any CPU
		{B0CAC514-71C8-4E29-A7EA-0709A2CE8085}.Debug|x86.ActiveCfg = Debug|Any CPU
		{B0CAC514-71C8-4E29-A7EA-0709A2CE8085}.Debug|x86.Build.0 = Debug|Any CPU
		{B0CAC514-71C8-4E29-A7EA-0709A2CE8085}.Release|Any CPU.ActiveCfg = Release|Any CPU
		{B0CAC514-71C8-4E29-A7EA-0709A2CE8085}.Release|Any CPU.Build.0 = Release|Any CPU
		{B0CAC514-71C8-4E29-A7EA-0709A2CE8085}.Release|x64.ActiveCfg = Release|Any CPU
		{B0CAC514-71C8-4E29-A7EA-0709A2CE8085}.Release|x64.Build.0 = Release|Any CPU
		{B0CAC514-71C8-4E29-A7EA-0709A2CE8085}.Release|x86.ActiveCfg = Release|Any CPU
		{B0CAC514-71C8-4E29-A7EA-0709A2CE8085}.Release|x86.Build.0 = Release|Any CPU
		{A4F3FA08-3BDC-4610-BDE7-F97B73D86C38}.Debug|Any CPU.ActiveCfg = Debug|Any CPU
		{A4F3FA08-3BDC-4610-BDE7-F97B73D86C38}.Debug|Any CPU.Build.0 = Debug|Any CPU
		{A4F3FA08-3BDC-4610-BDE7-F97B73D86C38}.Debug|x64.ActiveCfg = Debug|Any CPU
		{A4F3FA08-3BDC-4610-BDE7-F97B73D86C38}.Debug|x64.Build.0 = Debug|Any CPU
		{A4F3FA08-3BDC-4610-BDE7-F97B73D86C38}.Debug|x86.ActiveCfg = Debug|Any CPU
		{A4F3FA08-3BDC-4610-BDE7-F97B73D86C38}.Debug|x86.Build.0 = Debug|Any CPU
		{A4F3FA08-3BDC-4610-BDE7-F97B73D86C38}.Release|Any CPU.ActiveCfg = Release|Any CPU
		{A4F3FA08-3BDC-4610-BDE7-F97B73D86C38}.Release|Any CPU.Build.0 = Release|Any CPU
		{A4F3FA08-3BDC-4610-BDE7-F97B73D86C38}.Release|x64.ActiveCfg = Release|Any CPU
		{A4F3FA08-3BDC-4610-BDE7-F97B73D86C38}.Release|x64.Build.0 = Release|Any CPU
		{A4F3FA08-3BDC-4610-BDE7-F97B73D86C38}.Release|x86.ActiveCfg = Release|Any CPU
		{A4F3FA08-3BDC-4610-BDE7-F97B73D86C38}.Release|x86.Build.0 = Release|Any CPU
		{4F0C6ABF-D95C-40B1-9DE8-133754914BF9}.Debug|Any CPU.ActiveCfg = Debug|Any CPU
		{4F0C6ABF-D95C-40B1-9DE8-133754914BF9}.Debug|Any CPU.Build.0 = Debug|Any CPU
		{4F0C6ABF-D95C-40B1-9DE8-133754914BF9}.Debug|x64.ActiveCfg = Debug|Any CPU
		{4F0C6ABF-D95C-40B1-9DE8-133754914BF9}.Debug|x64.Build.0 = Debug|Any CPU
		{4F0C6ABF-D95C-40B1-9DE8-133754914BF9}.Debug|x86.ActiveCfg = Debug|Any CPU
		{4F0C6ABF-D95C-40B1-9DE8-133754914BF9}.Debug|x86.Build.0 = Debug|Any CPU
		{4F0C6ABF-D95C-40B1-9DE8-133754914BF9}.Release|Any CPU.ActiveCfg = Release|Any CPU
		{4F0C6ABF-D95C-40B1-9DE8-133754914BF9}.Release|Any CPU.Build.0 = Release|Any CPU
		{4F0C6ABF-D95C-40B1-9DE8-133754914BF9}.Release|x64.ActiveCfg = Release|Any CPU
		{4F0C6ABF-D95C-40B1-9DE8-133754914BF9}.Release|x64.Build.0 = Release|Any CPU
		{4F0C6ABF-D95C-40B1-9DE8-133754914BF9}.Release|x86.ActiveCfg = Release|Any CPU
		{4F0C6ABF-D95C-40B1-9DE8-133754914BF9}.Release|x86.Build.0 = Release|Any CPU
		{8F0D0962-13C2-4573-82B3-318E3F2307A7}.Debug|Any CPU.ActiveCfg = Debug|Any CPU
		{8F0D0962-13C2-4573-82B3-318E3F2307A7}.Debug|Any CPU.Build.0 = Debug|Any CPU
		{8F0D0962-13C2-4573-82B3-318E3F2307A7}.Debug|x64.ActiveCfg = Debug|Any CPU
		{8F0D0962-13C2-4573-82B3-318E3F2307A7}.Debug|x64.Build.0 = Debug|Any CPU
		{8F0D0962-13C2-4573-82B3-318E3F2307A7}.Debug|x86.ActiveCfg = Debug|Any CPU
		{8F0D0962-13C2-4573-82B3-318E3F2307A7}.Debug|x86.Build.0 = Debug|Any CPU
		{8F0D0962-13C2-4573-82B3-318E3F2307A7}.Release|Any CPU.ActiveCfg = Release|Any CPU
		{8F0D0962-13C2-4573-82B3-318E3F2307A7}.Release|Any CPU.Build.0 = Release|Any CPU
		{8F0D0962-13C2-4573-82B3-318E3F2307A7}.Release|x64.ActiveCfg = Release|Any CPU
		{8F0D0962-13C2-4573-82B3-318E3F2307A7}.Release|x64.Build.0 = Release|Any CPU
		{8F0D0962-13C2-4573-82B3-318E3F2307A7}.Release|x86.ActiveCfg = Release|Any CPU
		{8F0D0962-13C2-4573-82B3-318E3F2307A7}.Release|x86.Build.0 = Release|Any CPU
		{4016B36E-25EF-4C67-BC13-84C3C307028E}.Debug|Any CPU.ActiveCfg = Debug|Any CPU
		{4016B36E-25EF-4C67-BC13-84C3C307028E}.Debug|Any CPU.Build.0 = Debug|Any CPU
		{4016B36E-25EF-4C67-BC13-84C3C307028E}.Debug|x64.ActiveCfg = Debug|Any CPU
		{4016B36E-25EF-4C67-BC13-84C3C307028E}.Debug|x64.Build.0 = Debug|Any CPU
		{4016B36E-25EF-4C67-BC13-84C3C307028E}.Debug|x86.ActiveCfg = Debug|Any CPU
		{4016B36E-25EF-4C67-BC13-84C3C307028E}.Debug|x86.Build.0 = Debug|Any CPU
		{4016B36E-25EF-4C67-BC13-84C3C307028E}.Release|Any CPU.ActiveCfg = Release|Any CPU
		{4016B36E-25EF-4C67-BC13-84C3C307028E}.Release|Any CPU.Build.0 = Release|Any CPU
		{4016B36E-25EF-4C67-BC13-84C3C307028E}.Release|x64.ActiveCfg = Release|Any CPU
		{4016B36E-25EF-4C67-BC13-84C3C307028E}.Release|x64.Build.0 = Release|Any CPU
		{4016B36E-25EF-4C67-BC13-84C3C307028E}.Release|x86.ActiveCfg = Release|Any CPU
		{4016B36E-25EF-4C67-BC13-84C3C307028E}.Release|x86.Build.0 = Release|Any CPU
		{0023D25B-4D85-4EDD-9AB7-958F5BB138F9}.Debug|Any CPU.ActiveCfg = Debug|Any CPU
		{0023D25B-4D85-4EDD-9AB7-958F5BB138F9}.Debug|Any CPU.Build.0 = Debug|Any CPU
		{0023D25B-4D85-4EDD-9AB7-958F5BB138F9}.Debug|x64.ActiveCfg = Debug|Any CPU
		{0023D25B-4D85-4EDD-9AB7-958F5BB138F9}.Debug|x64.Build.0 = Debug|Any CPU
		{0023D25B-4D85-4EDD-9AB7-958F5BB138F9}.Debug|x86.ActiveCfg = Debug|Any CPU
		{0023D25B-4D85-4EDD-9AB7-958F5BB138F9}.Debug|x86.Build.0 = Debug|Any CPU
		{0023D25B-4D85-4EDD-9AB7-958F5BB138F9}.Release|Any CPU.ActiveCfg = Release|Any CPU
		{0023D25B-4D85-4EDD-9AB7-958F5BB138F9}.Release|Any CPU.Build.0 = Release|Any CPU
		{0023D25B-4D85-4EDD-9AB7-958F5BB138F9}.Release|x64.ActiveCfg = Release|Any CPU
		{0023D25B-4D85-4EDD-9AB7-958F5BB138F9}.Release|x64.Build.0 = Release|Any CPU
		{0023D25B-4D85-4EDD-9AB7-958F5BB138F9}.Release|x86.ActiveCfg = Release|Any CPU
		{0023D25B-4D85-4EDD-9AB7-958F5BB138F9}.Release|x86.Build.0 = Release|Any CPU
		{D6F5B46B-344D-481C-B833-880F2FAB4BDA}.Debug|Any CPU.ActiveCfg = Debug|Any CPU
		{D6F5B46B-344D-481C-B833-880F2FAB4BDA}.Debug|Any CPU.Build.0 = Debug|Any CPU
		{D6F5B46B-344D-481C-B833-880F2FAB4BDA}.Debug|x64.ActiveCfg = Debug|Any CPU
		{D6F5B46B-344D-481C-B833-880F2FAB4BDA}.Debug|x64.Build.0 = Debug|Any CPU
		{D6F5B46B-344D-481C-B833-880F2FAB4BDA}.Debug|x86.ActiveCfg = Debug|Any CPU
		{D6F5B46B-344D-481C-B833-880F2FAB4BDA}.Debug|x86.Build.0 = Debug|Any CPU
		{D6F5B46B-344D-481C-B833-880F2FAB4BDA}.Release|Any CPU.ActiveCfg = Release|Any CPU
		{D6F5B46B-344D-481C-B833-880F2FAB4BDA}.Release|Any CPU.Build.0 = Release|Any CPU
		{D6F5B46B-344D-481C-B833-880F2FAB4BDA}.Release|x64.ActiveCfg = Release|Any CPU
		{D6F5B46B-344D-481C-B833-880F2FAB4BDA}.Release|x64.Build.0 = Release|Any CPU
		{D6F5B46B-344D-481C-B833-880F2FAB4BDA}.Release|x86.ActiveCfg = Release|Any CPU
		{D6F5B46B-344D-481C-B833-880F2FAB4BDA}.Release|x86.Build.0 = Release|Any CPU
		{9DCF3A16-A3A3-474A-8E08-0254FADE4E6E}.Debug|Any CPU.ActiveCfg = Debug|Any CPU
		{9DCF3A16-A3A3-474A-8E08-0254FADE4E6E}.Debug|Any CPU.Build.0 = Debug|Any CPU
		{9DCF3A16-A3A3-474A-8E08-0254FADE4E6E}.Debug|x64.ActiveCfg = Debug|Any CPU
		{9DCF3A16-A3A3-474A-8E08-0254FADE4E6E}.Debug|x64.Build.0 = Debug|Any CPU
		{9DCF3A16-A3A3-474A-8E08-0254FADE4E6E}.Debug|x86.ActiveCfg = Debug|Any CPU
		{9DCF3A16-A3A3-474A-8E08-0254FADE4E6E}.Debug|x86.Build.0 = Debug|Any CPU
		{9DCF3A16-A3A3-474A-8E08-0254FADE4E6E}.Release|Any CPU.ActiveCfg = Release|Any CPU
		{9DCF3A16-A3A3-474A-8E08-0254FADE4E6E}.Release|Any CPU.Build.0 = Release|Any CPU
		{9DCF3A16-A3A3-474A-8E08-0254FADE4E6E}.Release|x64.ActiveCfg = Release|Any CPU
		{9DCF3A16-A3A3-474A-8E08-0254FADE4E6E}.Release|x64.Build.0 = Release|Any CPU
		{9DCF3A16-A3A3-474A-8E08-0254FADE4E6E}.Release|x86.ActiveCfg = Release|Any CPU
		{9DCF3A16-A3A3-474A-8E08-0254FADE4E6E}.Release|x86.Build.0 = Release|Any CPU
		{BCEDAB89-7D11-46CB-A5C0-D1DB84F1DA9D}.Debug|Any CPU.ActiveCfg = Debug|Any CPU
		{BCEDAB89-7D11-46CB-A5C0-D1DB84F1DA9D}.Debug|Any CPU.Build.0 = Debug|Any CPU
		{BCEDAB89-7D11-46CB-A5C0-D1DB84F1DA9D}.Debug|x64.ActiveCfg = Debug|Any CPU
		{BCEDAB89-7D11-46CB-A5C0-D1DB84F1DA9D}.Debug|x64.Build.0 = Debug|Any CPU
		{BCEDAB89-7D11-46CB-A5C0-D1DB84F1DA9D}.Debug|x86.ActiveCfg = Debug|Any CPU
		{BCEDAB89-7D11-46CB-A5C0-D1DB84F1DA9D}.Debug|x86.Build.0 = Debug|Any CPU
		{BCEDAB89-7D11-46CB-A5C0-D1DB84F1DA9D}.Release|Any CPU.ActiveCfg = Release|Any CPU
		{BCEDAB89-7D11-46CB-A5C0-D1DB84F1DA9D}.Release|Any CPU.Build.0 = Release|Any CPU
		{BCEDAB89-7D11-46CB-A5C0-D1DB84F1DA9D}.Release|x64.ActiveCfg = Release|Any CPU
		{BCEDAB89-7D11-46CB-A5C0-D1DB84F1DA9D}.Release|x64.Build.0 = Release|Any CPU
		{BCEDAB89-7D11-46CB-A5C0-D1DB84F1DA9D}.Release|x86.ActiveCfg = Release|Any CPU
		{BCEDAB89-7D11-46CB-A5C0-D1DB84F1DA9D}.Release|x86.Build.0 = Release|Any CPU
		{CE7B0ACF-E56D-494A-9601-EB77714FD3D4}.Debug|Any CPU.ActiveCfg = Debug|Any CPU
		{CE7B0ACF-E56D-494A-9601-EB77714FD3D4}.Debug|Any CPU.Build.0 = Debug|Any CPU
		{CE7B0ACF-E56D-494A-9601-EB77714FD3D4}.Debug|x64.ActiveCfg = Debug|Any CPU
		{CE7B0ACF-E56D-494A-9601-EB77714FD3D4}.Debug|x64.Build.0 = Debug|Any CPU
		{CE7B0ACF-E56D-494A-9601-EB77714FD3D4}.Debug|x86.ActiveCfg = Debug|Any CPU
		{CE7B0ACF-E56D-494A-9601-EB77714FD3D4}.Debug|x86.Build.0 = Debug|Any CPU
		{CE7B0ACF-E56D-494A-9601-EB77714FD3D4}.Release|Any CPU.ActiveCfg = Release|Any CPU
		{CE7B0ACF-E56D-494A-9601-EB77714FD3D4}.Release|Any CPU.Build.0 = Release|Any CPU
		{CE7B0ACF-E56D-494A-9601-EB77714FD3D4}.Release|x64.ActiveCfg = Release|Any CPU
		{CE7B0ACF-E56D-494A-9601-EB77714FD3D4}.Release|x64.Build.0 = Release|Any CPU
		{CE7B0ACF-E56D-494A-9601-EB77714FD3D4}.Release|x86.ActiveCfg = Release|Any CPU
		{CE7B0ACF-E56D-494A-9601-EB77714FD3D4}.Release|x86.Build.0 = Release|Any CPU
		{F96C6CC7-DCF1-4D79-BEC7-A0033C6B812F}.Debug|Any CPU.ActiveCfg = Debug|Any CPU
		{F96C6CC7-DCF1-4D79-BEC7-A0033C6B812F}.Debug|Any CPU.Build.0 = Debug|Any CPU
		{F96C6CC7-DCF1-4D79-BEC7-A0033C6B812F}.Debug|x64.ActiveCfg = Debug|Any CPU
		{F96C6CC7-DCF1-4D79-BEC7-A0033C6B812F}.Debug|x64.Build.0 = Debug|Any CPU
		{F96C6CC7-DCF1-4D79-BEC7-A0033C6B812F}.Debug|x86.ActiveCfg = Debug|Any CPU
		{F96C6CC7-DCF1-4D79-BEC7-A0033C6B812F}.Debug|x86.Build.0 = Debug|Any CPU
		{F96C6CC7-DCF1-4D79-BEC7-A0033C6B812F}.Release|Any CPU.ActiveCfg = Release|Any CPU
		{F96C6CC7-DCF1-4D79-BEC7-A0033C6B812F}.Release|Any CPU.Build.0 = Release|Any CPU
		{F96C6CC7-DCF1-4D79-BEC7-A0033C6B812F}.Release|x64.ActiveCfg = Release|Any CPU
		{F96C6CC7-DCF1-4D79-BEC7-A0033C6B812F}.Release|x64.Build.0 = Release|Any CPU
		{F96C6CC7-DCF1-4D79-BEC7-A0033C6B812F}.Release|x86.ActiveCfg = Release|Any CPU
		{F96C6CC7-DCF1-4D79-BEC7-A0033C6B812F}.Release|x86.Build.0 = Release|Any CPU
		{058C64AF-D90F-41BD-9208-7418FD12C6F9}.Debug|Any CPU.ActiveCfg = Debug|Any CPU
		{058C64AF-D90F-41BD-9208-7418FD12C6F9}.Debug|Any CPU.Build.0 = Debug|Any CPU
		{058C64AF-D90F-41BD-9208-7418FD12C6F9}.Debug|x64.ActiveCfg = Debug|Any CPU
		{058C64AF-D90F-41BD-9208-7418FD12C6F9}.Debug|x64.Build.0 = Debug|Any CPU
		{058C64AF-D90F-41BD-9208-7418FD12C6F9}.Debug|x86.ActiveCfg = Debug|Any CPU
		{058C64AF-D90F-41BD-9208-7418FD12C6F9}.Debug|x86.Build.0 = Debug|Any CPU
		{058C64AF-D90F-41BD-9208-7418FD12C6F9}.Release|Any CPU.ActiveCfg = Release|Any CPU
		{058C64AF-D90F-41BD-9208-7418FD12C6F9}.Release|Any CPU.Build.0 = Release|Any CPU
		{058C64AF-D90F-41BD-9208-7418FD12C6F9}.Release|x64.ActiveCfg = Release|Any CPU
		{058C64AF-D90F-41BD-9208-7418FD12C6F9}.Release|x64.Build.0 = Release|Any CPU
		{058C64AF-D90F-41BD-9208-7418FD12C6F9}.Release|x86.ActiveCfg = Release|Any CPU
		{058C64AF-D90F-41BD-9208-7418FD12C6F9}.Release|x86.Build.0 = Release|Any CPU
		{ADD8088A-C803-4AAE-984F-43758ABEB6DF}.Debug|Any CPU.ActiveCfg = Debug|Any CPU
		{ADD8088A-C803-4AAE-984F-43758ABEB6DF}.Debug|Any CPU.Build.0 = Debug|Any CPU
		{ADD8088A-C803-4AAE-984F-43758ABEB6DF}.Debug|x64.ActiveCfg = Debug|Any CPU
		{ADD8088A-C803-4AAE-984F-43758ABEB6DF}.Debug|x64.Build.0 = Debug|Any CPU
		{ADD8088A-C803-4AAE-984F-43758ABEB6DF}.Debug|x86.ActiveCfg = Debug|Any CPU
		{ADD8088A-C803-4AAE-984F-43758ABEB6DF}.Debug|x86.Build.0 = Debug|Any CPU
		{ADD8088A-C803-4AAE-984F-43758ABEB6DF}.Release|Any CPU.ActiveCfg = Release|Any CPU
		{ADD8088A-C803-4AAE-984F-43758ABEB6DF}.Release|Any CPU.Build.0 = Release|Any CPU
		{ADD8088A-C803-4AAE-984F-43758ABEB6DF}.Release|x64.ActiveCfg = Release|Any CPU
		{ADD8088A-C803-4AAE-984F-43758ABEB6DF}.Release|x64.Build.0 = Release|Any CPU
		{ADD8088A-C803-4AAE-984F-43758ABEB6DF}.Release|x86.ActiveCfg = Release|Any CPU
		{ADD8088A-C803-4AAE-984F-43758ABEB6DF}.Release|x86.Build.0 = Release|Any CPU
		{EFAB5E0F-971A-4F6B-89A5-253AE8D13BE6}.Debug|Any CPU.ActiveCfg = Debug|Any CPU
		{EFAB5E0F-971A-4F6B-89A5-253AE8D13BE6}.Debug|Any CPU.Build.0 = Debug|Any CPU
		{EFAB5E0F-971A-4F6B-89A5-253AE8D13BE6}.Debug|x64.ActiveCfg = Debug|Any CPU
		{EFAB5E0F-971A-4F6B-89A5-253AE8D13BE6}.Debug|x64.Build.0 = Debug|Any CPU
		{EFAB5E0F-971A-4F6B-89A5-253AE8D13BE6}.Debug|x86.ActiveCfg = Debug|Any CPU
		{EFAB5E0F-971A-4F6B-89A5-253AE8D13BE6}.Debug|x86.Build.0 = Debug|Any CPU
		{EFAB5E0F-971A-4F6B-89A5-253AE8D13BE6}.Release|Any CPU.ActiveCfg = Release|Any CPU
		{EFAB5E0F-971A-4F6B-89A5-253AE8D13BE6}.Release|Any CPU.Build.0 = Release|Any CPU
		{EFAB5E0F-971A-4F6B-89A5-253AE8D13BE6}.Release|x64.ActiveCfg = Release|Any CPU
		{EFAB5E0F-971A-4F6B-89A5-253AE8D13BE6}.Release|x64.Build.0 = Release|Any CPU
		{EFAB5E0F-971A-4F6B-89A5-253AE8D13BE6}.Release|x86.ActiveCfg = Release|Any CPU
		{EFAB5E0F-971A-4F6B-89A5-253AE8D13BE6}.Release|x86.Build.0 = Release|Any CPU
		{0D5187A9-D476-489E-B1BC-9AAC4A7A96BE}.Debug|Any CPU.ActiveCfg = Debug|Any CPU
		{0D5187A9-D476-489E-B1BC-9AAC4A7A96BE}.Debug|Any CPU.Build.0 = Debug|Any CPU
		{0D5187A9-D476-489E-B1BC-9AAC4A7A96BE}.Debug|x64.ActiveCfg = Debug|Any CPU
		{0D5187A9-D476-489E-B1BC-9AAC4A7A96BE}.Debug|x64.Build.0 = Debug|Any CPU
		{0D5187A9-D476-489E-B1BC-9AAC4A7A96BE}.Debug|x86.ActiveCfg = Debug|Any CPU
		{0D5187A9-D476-489E-B1BC-9AAC4A7A96BE}.Debug|x86.Build.0 = Debug|Any CPU
		{0D5187A9-D476-489E-B1BC-9AAC4A7A96BE}.Release|Any CPU.ActiveCfg = Release|Any CPU
		{0D5187A9-D476-489E-B1BC-9AAC4A7A96BE}.Release|Any CPU.Build.0 = Release|Any CPU
		{0D5187A9-D476-489E-B1BC-9AAC4A7A96BE}.Release|x64.ActiveCfg = Release|Any CPU
		{0D5187A9-D476-489E-B1BC-9AAC4A7A96BE}.Release|x64.Build.0 = Release|Any CPU
		{0D5187A9-D476-489E-B1BC-9AAC4A7A96BE}.Release|x86.ActiveCfg = Release|Any CPU
		{0D5187A9-D476-489E-B1BC-9AAC4A7A96BE}.Release|x86.Build.0 = Release|Any CPU
		{FD9FA824-4822-4A7F-BABB-9720DFEBA8D3}.Debug|Any CPU.ActiveCfg = Debug|Any CPU
		{FD9FA824-4822-4A7F-BABB-9720DFEBA8D3}.Debug|Any CPU.Build.0 = Debug|Any CPU
		{FD9FA824-4822-4A7F-BABB-9720DFEBA8D3}.Debug|x64.ActiveCfg = Debug|Any CPU
		{FD9FA824-4822-4A7F-BABB-9720DFEBA8D3}.Debug|x64.Build.0 = Debug|Any CPU
		{FD9FA824-4822-4A7F-BABB-9720DFEBA8D3}.Debug|x86.ActiveCfg = Debug|Any CPU
		{FD9FA824-4822-4A7F-BABB-9720DFEBA8D3}.Debug|x86.Build.0 = Debug|Any CPU
		{FD9FA824-4822-4A7F-BABB-9720DFEBA8D3}.Release|Any CPU.ActiveCfg = Release|Any CPU
		{FD9FA824-4822-4A7F-BABB-9720DFEBA8D3}.Release|Any CPU.Build.0 = Release|Any CPU
		{FD9FA824-4822-4A7F-BABB-9720DFEBA8D3}.Release|x64.ActiveCfg = Release|Any CPU
		{FD9FA824-4822-4A7F-BABB-9720DFEBA8D3}.Release|x64.Build.0 = Release|Any CPU
		{FD9FA824-4822-4A7F-BABB-9720DFEBA8D3}.Release|x86.ActiveCfg = Release|Any CPU
		{FD9FA824-4822-4A7F-BABB-9720DFEBA8D3}.Release|x86.Build.0 = Release|Any CPU
		{0F7483ED-ACB4-48A9-83FF-8841C52655E2}.Debug|Any CPU.ActiveCfg = Debug|Any CPU
		{0F7483ED-ACB4-48A9-83FF-8841C52655E2}.Debug|Any CPU.Build.0 = Debug|Any CPU
		{0F7483ED-ACB4-48A9-83FF-8841C52655E2}.Debug|x64.ActiveCfg = Debug|Any CPU
		{0F7483ED-ACB4-48A9-83FF-8841C52655E2}.Debug|x64.Build.0 = Debug|Any CPU
		{0F7483ED-ACB4-48A9-83FF-8841C52655E2}.Debug|x86.ActiveCfg = Debug|Any CPU
		{0F7483ED-ACB4-48A9-83FF-8841C52655E2}.Debug|x86.Build.0 = Debug|Any CPU
		{0F7483ED-ACB4-48A9-83FF-8841C52655E2}.Release|Any CPU.ActiveCfg = Release|Any CPU
		{0F7483ED-ACB4-48A9-83FF-8841C52655E2}.Release|Any CPU.Build.0 = Release|Any CPU
		{0F7483ED-ACB4-48A9-83FF-8841C52655E2}.Release|x64.ActiveCfg = Release|Any CPU
		{0F7483ED-ACB4-48A9-83FF-8841C52655E2}.Release|x64.Build.0 = Release|Any CPU
		{0F7483ED-ACB4-48A9-83FF-8841C52655E2}.Release|x86.ActiveCfg = Release|Any CPU
		{0F7483ED-ACB4-48A9-83FF-8841C52655E2}.Release|x86.Build.0 = Release|Any CPU
		{D8DD4A3C-4CD4-4899-BB0F-26F3E894DA27}.Debug|Any CPU.ActiveCfg = Debug|Any CPU
		{D8DD4A3C-4CD4-4899-BB0F-26F3E894DA27}.Debug|Any CPU.Build.0 = Debug|Any CPU
		{D8DD4A3C-4CD4-4899-BB0F-26F3E894DA27}.Debug|x64.ActiveCfg = Debug|Any CPU
		{D8DD4A3C-4CD4-4899-BB0F-26F3E894DA27}.Debug|x64.Build.0 = Debug|Any CPU
		{D8DD4A3C-4CD4-4899-BB0F-26F3E894DA27}.Debug|x86.ActiveCfg = Debug|Any CPU
		{D8DD4A3C-4CD4-4899-BB0F-26F3E894DA27}.Debug|x86.Build.0 = Debug|Any CPU
		{D8DD4A3C-4CD4-4899-BB0F-26F3E894DA27}.Release|Any CPU.ActiveCfg = Release|Any CPU
		{D8DD4A3C-4CD4-4899-BB0F-26F3E894DA27}.Release|Any CPU.Build.0 = Release|Any CPU
		{D8DD4A3C-4CD4-4899-BB0F-26F3E894DA27}.Release|x64.ActiveCfg = Release|Any CPU
		{D8DD4A3C-4CD4-4899-BB0F-26F3E894DA27}.Release|x64.Build.0 = Release|Any CPU
		{D8DD4A3C-4CD4-4899-BB0F-26F3E894DA27}.Release|x86.ActiveCfg = Release|Any CPU
		{D8DD4A3C-4CD4-4899-BB0F-26F3E894DA27}.Release|x86.Build.0 = Release|Any CPU
		{AD4656E3-26B7-460A-B79B-E8A72B0E9139}.Debug|Any CPU.ActiveCfg = Debug|Any CPU
		{AD4656E3-26B7-460A-B79B-E8A72B0E9139}.Debug|Any CPU.Build.0 = Debug|Any CPU
		{AD4656E3-26B7-460A-B79B-E8A72B0E9139}.Debug|x64.ActiveCfg = Debug|Any CPU
		{AD4656E3-26B7-460A-B79B-E8A72B0E9139}.Debug|x64.Build.0 = Debug|Any CPU
		{AD4656E3-26B7-460A-B79B-E8A72B0E9139}.Debug|x86.ActiveCfg = Debug|Any CPU
		{AD4656E3-26B7-460A-B79B-E8A72B0E9139}.Debug|x86.Build.0 = Debug|Any CPU
		{AD4656E3-26B7-460A-B79B-E8A72B0E9139}.Release|Any CPU.ActiveCfg = Release|Any CPU
		{AD4656E3-26B7-460A-B79B-E8A72B0E9139}.Release|Any CPU.Build.0 = Release|Any CPU
		{AD4656E3-26B7-460A-B79B-E8A72B0E9139}.Release|x64.ActiveCfg = Release|Any CPU
		{AD4656E3-26B7-460A-B79B-E8A72B0E9139}.Release|x64.Build.0 = Release|Any CPU
		{AD4656E3-26B7-460A-B79B-E8A72B0E9139}.Release|x86.ActiveCfg = Release|Any CPU
		{AD4656E3-26B7-460A-B79B-E8A72B0E9139}.Release|x86.Build.0 = Release|Any CPU
		{DCD6B960-0239-42C5-871A-716CF427CB2D}.Debug|Any CPU.ActiveCfg = Debug|Any CPU
		{DCD6B960-0239-42C5-871A-716CF427CB2D}.Debug|Any CPU.Build.0 = Debug|Any CPU
		{DCD6B960-0239-42C5-871A-716CF427CB2D}.Debug|x64.ActiveCfg = Debug|Any CPU
		{DCD6B960-0239-42C5-871A-716CF427CB2D}.Debug|x64.Build.0 = Debug|Any CPU
		{DCD6B960-0239-42C5-871A-716CF427CB2D}.Debug|x86.ActiveCfg = Debug|Any CPU
		{DCD6B960-0239-42C5-871A-716CF427CB2D}.Debug|x86.Build.0 = Debug|Any CPU
		{DCD6B960-0239-42C5-871A-716CF427CB2D}.Release|Any CPU.ActiveCfg = Release|Any CPU
		{DCD6B960-0239-42C5-871A-716CF427CB2D}.Release|Any CPU.Build.0 = Release|Any CPU
		{DCD6B960-0239-42C5-871A-716CF427CB2D}.Release|x64.ActiveCfg = Release|Any CPU
		{DCD6B960-0239-42C5-871A-716CF427CB2D}.Release|x64.Build.0 = Release|Any CPU
		{DCD6B960-0239-42C5-871A-716CF427CB2D}.Release|x86.ActiveCfg = Release|Any CPU
		{DCD6B960-0239-42C5-871A-716CF427CB2D}.Release|x86.Build.0 = Release|Any CPU
		{09B30344-B57D-46A7-BEF6-93BBA1C89D87}.Debug|Any CPU.ActiveCfg = Debug|Any CPU
		{09B30344-B57D-46A7-BEF6-93BBA1C89D87}.Debug|Any CPU.Build.0 = Debug|Any CPU
		{09B30344-B57D-46A7-BEF6-93BBA1C89D87}.Debug|x64.ActiveCfg = Debug|Any CPU
		{09B30344-B57D-46A7-BEF6-93BBA1C89D87}.Debug|x64.Build.0 = Debug|Any CPU
		{09B30344-B57D-46A7-BEF6-93BBA1C89D87}.Debug|x86.ActiveCfg = Debug|Any CPU
		{09B30344-B57D-46A7-BEF6-93BBA1C89D87}.Debug|x86.Build.0 = Debug|Any CPU
		{09B30344-B57D-46A7-BEF6-93BBA1C89D87}.Release|Any CPU.ActiveCfg = Release|Any CPU
		{09B30344-B57D-46A7-BEF6-93BBA1C89D87}.Release|Any CPU.Build.0 = Release|Any CPU
		{09B30344-B57D-46A7-BEF6-93BBA1C89D87}.Release|x64.ActiveCfg = Release|Any CPU
		{09B30344-B57D-46A7-BEF6-93BBA1C89D87}.Release|x64.Build.0 = Release|Any CPU
		{09B30344-B57D-46A7-BEF6-93BBA1C89D87}.Release|x86.ActiveCfg = Release|Any CPU
		{09B30344-B57D-46A7-BEF6-93BBA1C89D87}.Release|x86.Build.0 = Release|Any CPU
		{EA4A0722-E0AB-4B8F-B3DB-4A99B62979B5}.Debug|Any CPU.ActiveCfg = Debug|Any CPU
		{EA4A0722-E0AB-4B8F-B3DB-4A99B62979B5}.Debug|Any CPU.Build.0 = Debug|Any CPU
		{EA4A0722-E0AB-4B8F-B3DB-4A99B62979B5}.Debug|x64.ActiveCfg = Debug|Any CPU
		{EA4A0722-E0AB-4B8F-B3DB-4A99B62979B5}.Debug|x64.Build.0 = Debug|Any CPU
		{EA4A0722-E0AB-4B8F-B3DB-4A99B62979B5}.Debug|x86.ActiveCfg = Debug|Any CPU
		{EA4A0722-E0AB-4B8F-B3DB-4A99B62979B5}.Debug|x86.Build.0 = Debug|Any CPU
		{EA4A0722-E0AB-4B8F-B3DB-4A99B62979B5}.Release|Any CPU.ActiveCfg = Release|Any CPU
		{EA4A0722-E0AB-4B8F-B3DB-4A99B62979B5}.Release|Any CPU.Build.0 = Release|Any CPU
		{EA4A0722-E0AB-4B8F-B3DB-4A99B62979B5}.Release|x64.ActiveCfg = Release|Any CPU
		{EA4A0722-E0AB-4B8F-B3DB-4A99B62979B5}.Release|x64.Build.0 = Release|Any CPU
		{EA4A0722-E0AB-4B8F-B3DB-4A99B62979B5}.Release|x86.ActiveCfg = Release|Any CPU
		{EA4A0722-E0AB-4B8F-B3DB-4A99B62979B5}.Release|x86.Build.0 = Release|Any CPU
		{DD62DA6F-DCA5-4EB1-B56A-C518326D3CB5}.Debug|Any CPU.ActiveCfg = Debug|Any CPU
		{DD62DA6F-DCA5-4EB1-B56A-C518326D3CB5}.Debug|Any CPU.Build.0 = Debug|Any CPU
		{DD62DA6F-DCA5-4EB1-B56A-C518326D3CB5}.Debug|x64.ActiveCfg = Debug|Any CPU
		{DD62DA6F-DCA5-4EB1-B56A-C518326D3CB5}.Debug|x64.Build.0 = Debug|Any CPU
		{DD62DA6F-DCA5-4EB1-B56A-C518326D3CB5}.Debug|x86.ActiveCfg = Debug|Any CPU
		{DD62DA6F-DCA5-4EB1-B56A-C518326D3CB5}.Debug|x86.Build.0 = Debug|Any CPU
		{DD62DA6F-DCA5-4EB1-B56A-C518326D3CB5}.Release|Any CPU.ActiveCfg = Release|Any CPU
		{DD62DA6F-DCA5-4EB1-B56A-C518326D3CB5}.Release|Any CPU.Build.0 = Release|Any CPU
		{DD62DA6F-DCA5-4EB1-B56A-C518326D3CB5}.Release|x64.ActiveCfg = Release|Any CPU
		{DD62DA6F-DCA5-4EB1-B56A-C518326D3CB5}.Release|x64.Build.0 = Release|Any CPU
		{DD62DA6F-DCA5-4EB1-B56A-C518326D3CB5}.Release|x86.ActiveCfg = Release|Any CPU
		{DD62DA6F-DCA5-4EB1-B56A-C518326D3CB5}.Release|x86.Build.0 = Release|Any CPU
		{4F661683-0377-44AF-B6AA-1B1C1DD8A8B4}.Debug|Any CPU.ActiveCfg = Debug|Any CPU
		{4F661683-0377-44AF-B6AA-1B1C1DD8A8B4}.Debug|Any CPU.Build.0 = Debug|Any CPU
		{4F661683-0377-44AF-B6AA-1B1C1DD8A8B4}.Debug|x64.ActiveCfg = Debug|Any CPU
		{4F661683-0377-44AF-B6AA-1B1C1DD8A8B4}.Debug|x64.Build.0 = Debug|Any CPU
		{4F661683-0377-44AF-B6AA-1B1C1DD8A8B4}.Debug|x86.ActiveCfg = Debug|Any CPU
		{4F661683-0377-44AF-B6AA-1B1C1DD8A8B4}.Debug|x86.Build.0 = Debug|Any CPU
		{4F661683-0377-44AF-B6AA-1B1C1DD8A8B4}.Release|Any CPU.ActiveCfg = Release|Any CPU
		{4F661683-0377-44AF-B6AA-1B1C1DD8A8B4}.Release|Any CPU.Build.0 = Release|Any CPU
		{4F661683-0377-44AF-B6AA-1B1C1DD8A8B4}.Release|x64.ActiveCfg = Release|Any CPU
		{4F661683-0377-44AF-B6AA-1B1C1DD8A8B4}.Release|x64.Build.0 = Release|Any CPU
		{4F661683-0377-44AF-B6AA-1B1C1DD8A8B4}.Release|x86.ActiveCfg = Release|Any CPU
		{4F661683-0377-44AF-B6AA-1B1C1DD8A8B4}.Release|x86.Build.0 = Release|Any CPU
		{781D1220-E4B1-4ADF-AA97-EAD415E7C1CC}.Debug|Any CPU.ActiveCfg = Debug|Any CPU
		{781D1220-E4B1-4ADF-AA97-EAD415E7C1CC}.Debug|Any CPU.Build.0 = Debug|Any CPU
		{781D1220-E4B1-4ADF-AA97-EAD415E7C1CC}.Debug|x64.ActiveCfg = Debug|Any CPU
		{781D1220-E4B1-4ADF-AA97-EAD415E7C1CC}.Debug|x64.Build.0 = Debug|Any CPU
		{781D1220-E4B1-4ADF-AA97-EAD415E7C1CC}.Debug|x86.ActiveCfg = Debug|Any CPU
		{781D1220-E4B1-4ADF-AA97-EAD415E7C1CC}.Debug|x86.Build.0 = Debug|Any CPU
		{781D1220-E4B1-4ADF-AA97-EAD415E7C1CC}.Release|Any CPU.ActiveCfg = Release|Any CPU
		{781D1220-E4B1-4ADF-AA97-EAD415E7C1CC}.Release|Any CPU.Build.0 = Release|Any CPU
		{781D1220-E4B1-4ADF-AA97-EAD415E7C1CC}.Release|x64.ActiveCfg = Release|Any CPU
		{781D1220-E4B1-4ADF-AA97-EAD415E7C1CC}.Release|x64.Build.0 = Release|Any CPU
		{781D1220-E4B1-4ADF-AA97-EAD415E7C1CC}.Release|x86.ActiveCfg = Release|Any CPU
		{781D1220-E4B1-4ADF-AA97-EAD415E7C1CC}.Release|x86.Build.0 = Release|Any CPU
		{49C8C2A6-CAF4-4307-BC49-58AAA75F3530}.Debug|Any CPU.ActiveCfg = Debug|Any CPU
		{49C8C2A6-CAF4-4307-BC49-58AAA75F3530}.Debug|Any CPU.Build.0 = Debug|Any CPU
		{49C8C2A6-CAF4-4307-BC49-58AAA75F3530}.Debug|x64.ActiveCfg = Debug|Any CPU
		{49C8C2A6-CAF4-4307-BC49-58AAA75F3530}.Debug|x64.Build.0 = Debug|Any CPU
		{49C8C2A6-CAF4-4307-BC49-58AAA75F3530}.Debug|x86.ActiveCfg = Debug|Any CPU
		{49C8C2A6-CAF4-4307-BC49-58AAA75F3530}.Debug|x86.Build.0 = Debug|Any CPU
		{49C8C2A6-CAF4-4307-BC49-58AAA75F3530}.Release|Any CPU.ActiveCfg = Release|Any CPU
		{49C8C2A6-CAF4-4307-BC49-58AAA75F3530}.Release|Any CPU.Build.0 = Release|Any CPU
		{49C8C2A6-CAF4-4307-BC49-58AAA75F3530}.Release|x64.ActiveCfg = Release|Any CPU
		{49C8C2A6-CAF4-4307-BC49-58AAA75F3530}.Release|x64.Build.0 = Release|Any CPU
		{49C8C2A6-CAF4-4307-BC49-58AAA75F3530}.Release|x86.ActiveCfg = Release|Any CPU
		{49C8C2A6-CAF4-4307-BC49-58AAA75F3530}.Release|x86.Build.0 = Release|Any CPU
		{B4D1E7A2-5C63-4F18-9A7E-2D3C4B5A6978}.Debug|Any CPU.ActiveCfg = Debug|Any CPU
		{B4D1E7A2-5C63-4F18-9A7E-2D3C4B5A6978}.Debug|Any CPU.Build.0 = Debug|Any CPU
		{B4D1E7A2-5C63-4F18-9A7E-2D3C4B5A6978}.Debug|x64.ActiveCfg = Debug|x64
		{B4D1E7A2-5C63-4F18-9A7E-2D3C4B5A6978}.Debug|x64.Build.0 = Debug|x64
		{B4D1E7A2-5C63-4F18-9A7E-2D3C4B5A6978}.Debug|x86.ActiveCfg = Debug|x86
		{B4D1E7A2-5C63-4F18-9A7E-2D3C4B5A6978}.Debug|x86.Build.0 = Debug|x86
		{B4D1E7A2-5C63-4F18-9A7E-2D3C4B5A6978}.Release|Any CPU.ActiveCfg = Release|Any CPU
		{B4D1E7A2-5C63-4F18-9A7E-2D3C4B5A6978}.Release|Any CPU.Build.0 = Release|Any CPU
		{B4D1E7A2-5C63-4F18-9A7E-2D3C4B5A6978}.Release|x64.ActiveCfg = Release|x64
		{B4D1E7A2-5C63-4F18-9A7E-2D3C4B5A6978}.Release|x64.Build.0 = Release|x64
		{B4D1E7A2-5C63-4F18-9A7E-2D3C4B5A6978}.Release|x86.ActiveCfg = Release|x86
		{B4D1E7A2-5C63-4F18-9A7E-2D3C4B5A6978}.Release|x86.Build.0 = Release|x86
		{672AC3DD-69BD-4E44-85CD-9F6ED65F4C12}.Debug|Any CPU.ActiveCfg = Debug|Any CPU
		{672AC3DD-69BD-4E44-85CD-9F6ED65F4C12}.Debug|Any CPU.Build.0 = Debug|Any CPU
		{672AC3DD-69BD-4E44-85CD-9F6ED65F4C12}.Debug|x64.ActiveCfg = Debug|Any CPU
		{672AC3DD-69BD-4E44-85CD-9F6ED65F4C12}.Debug|x64.Build.0 = Debug|Any CPU
		{672AC3DD-69BD-4E44-85CD-9F6ED65F4C12}.Debug|x86.ActiveCfg = Debug|Any CPU
		{672AC3DD-69BD-4E44-85CD-9F6ED65F4C12}.Debug|x86.Build.0 = Debug|Any CPU
		{672AC3DD-69BD-4E44-85CD-9F6ED65F4C12}.Release|Any CPU.ActiveCfg = Release|Any CPU
		{672AC3DD-69BD-4E44-85CD-9F6ED65F4C12}.Release|Any CPU.Build.0 = Release|Any CPU
		{672AC3DD-69BD-4E44-85CD-9F6ED65F4C12}.Release|x64.ActiveCfg = Release|Any CPU
		{672AC3DD-69BD-4E44-85CD-9F6ED65F4C12}.Release|x64.Build.0 = Release|Any CPU
		{672AC3DD-69BD-4E44-85CD-9F6ED65F4C12}.Release|x86.ActiveCfg = Release|Any CPU
		{672AC3DD-69BD-4E44-85CD-9F6ED65F4C12}.Release|x86.Build.0 = Release|Any CPU
		{A6D77A18-E83B-4662-9366-09717BB7E2B4}.Debug|Any CPU.ActiveCfg = Debug|Any CPU
		{A6D77A18-E83B-4662-9366-09717BB7E2B4}.Debug|Any CPU.Build.0 = Debug|Any CPU
		{A6D77A18-E83B-4662-9366-09717BB7E2B4}.Debug|x64.ActiveCfg = Debug|Any CPU
		{A6D77A18-E83B-4662-9366-09717BB7E2B4}.Debug|x64.Build.0 = Debug|Any CPU
		{A6D77A18-E83B-4662-9366-09717BB7E2B4}.Debug|x86.ActiveCfg = Debug|Any CPU
		{A6D77A18-E83B-4662-9366-09717BB7E2B4}.Debug|x86.Build.0 = Debug|Any CPU
		{A6D77A18-E83B-4662-9366-09717BB7E2B4}.Release|Any CPU.ActiveCfg = Release|Any CPU
		{A6D77A18-E83B-4662-9366-09717BB7E2B4}.Release|Any CPU.Build.0 = Release|Any CPU
		{A6D77A18-E83B-4662-9366-09717BB7E2B4}.Release|x64.ActiveCfg = Release|Any CPU
		{A6D77A18-E83B-4662-9366-09717BB7E2B4}.Release|x64.Build.0 = Release|Any CPU
		{A6D77A18-E83B-4662-9366-09717BB7E2B4}.Release|x86.ActiveCfg = Release|Any CPU
		{A6D77A18-E83B-4662-9366-09717BB7E2B4}.Release|x86.Build.0 = Release|Any CPU
	EndGlobalSection
	GlobalSection(SolutionProperties) = preSolution
		HideSolutionNode = FALSE
	EndGlobalSection
	GlobalSection(NestedProjects) = preSolution
		{90298CBA-BD6F-3A0A-69D5-97CAD7B05E7E} = {827E0CD3-B72D-47B6-A68D-7590B98EB39B}
		{D9659F4B-1164-44C2-B770-6D64B3C226C6} = {90298CBA-BD6F-3A0A-69D5-97CAD7B05E7E}
		{4844E056-17B2-42E1-8AE7-9A3721C49BEC} = {90298CBA-BD6F-3A0A-69D5-97CAD7B05E7E}
		{B0CAC514-71C8-4E29-A7EA-0709A2CE8085} = {90298CBA-BD6F-3A0A-69D5-97CAD7B05E7E}
		{A4F3FA08-3BDC-4610-BDE7-F97B73D86C38} = {90298CBA-BD6F-3A0A-69D5-97CAD7B05E7E}
		{984BB9B3-3FA3-BE33-9484-CAC21695A33C} = {827E0CD3-B72D-47B6-A68D-7590B98EB39B}
		{C91C1CF1-1625-0789-F869-53D87D6277BA} = {984BB9B3-3FA3-BE33-9484-CAC21695A33C}
		{4F0C6ABF-D95C-40B1-9DE8-133754914BF9} = {C91C1CF1-1625-0789-F869-53D87D6277BA}
		{8F0D0962-13C2-4573-82B3-318E3F2307A7} = {C91C1CF1-1625-0789-F869-53D87D6277BA}
		{4016B36E-25EF-4C67-BC13-84C3C307028E} = {C91C1CF1-1625-0789-F869-53D87D6277BA}
		{0023D25B-4D85-4EDD-9AB7-958F5BB138F9} = {C91C1CF1-1625-0789-F869-53D87D6277BA}
		{583F9C51-22B8-59F5-4A60-045B52DD079E} = {C91C1CF1-1625-0789-F869-53D87D6277BA}
		{D6F5B46B-344D-481C-B833-880F2FAB4BDA} = {583F9C51-22B8-59F5-4A60-045B52DD079E}
		{9DCF3A16-A3A3-474A-8E08-0254FADE4E6E} = {90298CBA-BD6F-3A0A-69D5-97CAD7B05E7E}
		{1BFC9479-12BF-35C3-06B8-42D89D95092B} = {984BB9B3-3FA3-BE33-9484-CAC21695A33C}
		{BCEDAB89-7D11-46CB-A5C0-D1DB84F1DA9D} = {1BFC9479-12BF-35C3-06B8-42D89D95092B}
		{CE7B0ACF-E56D-494A-9601-EB77714FD3D4} = {1BFC9479-12BF-35C3-06B8-42D89D95092B}
		{F96C6CC7-DCF1-4D79-BEC7-A0033C6B812F} = {1BFC9479-12BF-35C3-06B8-42D89D95092B}
		{058C64AF-D90F-41BD-9208-7418FD12C6F9} = {1BFC9479-12BF-35C3-06B8-42D89D95092B}
		{D684364B-7378-6B54-42D8-7540C883410F} = {1BFC9479-12BF-35C3-06B8-42D89D95092B}
		{ADD8088A-C803-4AAE-984F-43758ABEB6DF} = {D684364B-7378-6B54-42D8-7540C883410F}
		{47141703-2786-9EB0-78F1-D74651447BA1} = {2FA89949-C014-61E3-9766-4043502A0423}
		{FCA01246-F2C6-0AA7-D43F-FD13BE0B9D88} = {827E0CD3-B72D-47B6-A68D-7590B98EB39B}
		{EFAB5E0F-971A-4F6B-89A5-253AE8D13BE6} = {FCA01246-F2C6-0AA7-D43F-FD13BE0B9D88}
		{20ADED50-C1A1-0332-EDBE-CEF2A625A54E} = {FCA01246-F2C6-0AA7-D43F-FD13BE0B9D88}
		{0D5187A9-D476-489E-B1BC-9AAC4A7A96BE} = {20ADED50-C1A1-0332-EDBE-CEF2A625A54E}
		{3D7BFF9F-A5B6-6FDF-8387-0A26B1AE0AA3} = {25D181DD-5CC9-F0B3-C64F-91E1AA77FD70}
		{6C0557C3-B1C9-A54D-46F8-F4FBBDE30E30} = {984BB9B3-3FA3-BE33-9484-CAC21695A33C}
		{FD9FA824-4822-4A7F-BABB-9720DFEBA8D3} = {6C0557C3-B1C9-A54D-46F8-F4FBBDE30E30}
		{0F7483ED-ACB4-48A9-83FF-8841C52655E2} = {6C0557C3-B1C9-A54D-46F8-F4FBBDE30E30}
		{D8DD4A3C-4CD4-4899-BB0F-26F3E894DA27} = {6C0557C3-B1C9-A54D-46F8-F4FBBDE30E30}
		{AD4656E3-26B7-460A-B79B-E8A72B0E9139} = {6C0557C3-B1C9-A54D-46F8-F4FBBDE30E30}
		{20076449-1E2B-E682-1BE4-27009130315C} = {6C0557C3-B1C9-A54D-46F8-F4FBBDE30E30}
		{DCD6B960-0239-42C5-871A-716CF427CB2D} = {20076449-1E2B-E682-1BE4-27009130315C}
		{B851199A-4979-E597-3D50-97AC5992BBAF} = {984BB9B3-3FA3-BE33-9484-CAC21695A33C}
		{09B30344-B57D-46A7-BEF6-93BBA1C89D87} = {B851199A-4979-E597-3D50-97AC5992BBAF}
		{EA4A0722-E0AB-4B8F-B3DB-4A99B62979B5} = {B851199A-4979-E597-3D50-97AC5992BBAF}
		{DD62DA6F-DCA5-4EB1-B56A-C518326D3CB5} = {B851199A-4979-E597-3D50-97AC5992BBAF}
		{4F661683-0377-44AF-B6AA-1B1C1DD8A8B4} = {B851199A-4979-E597-3D50-97AC5992BBAF}
		{9C606262-8759-516F-E310-6F6FFE6750DD} = {B851199A-4979-E597-3D50-97AC5992BBAF}
		{781D1220-E4B1-4ADF-AA97-EAD415E7C1CC} = {9C606262-8759-516F-E310-6F6FFE6750DD}
		{C5FBE174-8E0F-F5A3-B929-8BD0C55C0A32} = {984BB9B3-3FA3-BE33-9484-CAC21695A33C}
		{49C8C2A6-CAF4-4307-BC49-58AAA75F3530} = {C5FBE174-8E0F-F5A3-B929-8BD0C55C0A32}
		{672AC3DD-69BD-4E44-85CD-9F6ED65F4C12} = {C5FBE174-8E0F-F5A3-B929-8BD0C55C0A32}
		{E5B34BB3-79D8-3026-7C96-4AAC5E2A72D5} = {C5FBE174-8E0F-F5A3-B929-8BD0C55C0A32}
		{B4D1E7A2-5C63-4F18-9A7E-2D3C4B5A6978} = {C5FBE174-8E0F-F5A3-B929-8BD0C55C0A32}
		{A6D77A18-E83B-4662-9366-09717BB7E2B4} = {E5B34BB3-79D8-3026-7C96-4AAC5E2A72D5}
	EndGlobalSection
EndGlobal
