
Microsoft Visual Studio Solution File, Format Version 12.00
# Visual Studio Version 17
VisualStudioVersion = 17.0.31903.59
MinimumVisualStudioVersion = 10.0.40219.1
Project("{2150E333-8FDC-42A3-9474-1A3956D46DE8}") = "src", "src", "{827E0CD3-B72D-47B6-A68D-7590B98EB39B}"
EndProject
Project("{2150E333-8FDC-42A3-9474-1A3956D46DE8}") = "BuildingBlocks", "BuildingBlocks", "{90298CBA-BD6F-3A0A-69D5-97CAD7B05E7E}"
EndProject
Project("{FAE04EC0-301F-11D3-BF4B-00C04F79EFBC}") = "Techodist.BuildingBlocks.Core", "src\BuildingBlocks\Techodist.BuildingBlocks.Core\Techodist.BuildingBlocks.Core.csproj", "{D9659F4B-1164-44C2-B770-6D64B3C226C6}"
EndProject
Project("{FAE04EC0-301F-11D3-BF4B-00C04F79EFBC}") = "Techodist.BuildingBlocks.Messaging", "src\BuildingBlocks\Techodist.BuildingBlocks.Messaging\Techodist.BuildingBlocks.Messaging.csproj", "{4844E056-17B2-42E1-8AE7-9A3721C49BEC}"
EndProject
Project("{FAE04EC0-301F-11D3-BF4B-00C04F79EFBC}") = "Techodist.BuildingBlocks.Observability", "src\BuildingBlocks\Techodist.BuildingBlocks.Observability\Techodist.BuildingBlocks.Observability.csproj", "{B0CAC514-71C8-4E29-A7EA-0709A2CE8085}"
EndProject
Project("{FAE04EC0-301F-11D3-BF4B-00C04F79EFBC}") = "Techodist.BuildingBlocks.Web", "src\BuildingBlocks\Techodist.BuildingBlocks.Web\Techodist.BuildingBlocks.Web.csproj", "{A4F3FA08-3BDC-4610-BDE7-F97B73D86C38}"
EndProject
Project("{2150E333-8FDC-42A3-9474-1A3956D46DE8}") = "Services", "Services", "{984BB9B3-3FA3-BE33-9484-CAC21695A33C}"
EndProject
Project("{2150E333-8FDC-42A3-9474-1A3956D46DE8}") = "Catalog", "Catalog", "{C91C1CF1-1625-0789-F869-53D87D6277BA}"
EndProject
Project("{FAE04EC0-301F-11D3-BF4B-00C04F79EFBC}") = "Techodist.Catalog.Domain", "src\Services\Catalog\Techodist.Catalog.Domain\Techodist.Catalog.Domain.csproj", "{4F0C6ABF-D95C-40B1-9DE8-133754914BF9}"
EndProject
Project("{FAE04EC0-301F-11D3-BF4B-00C04F79EFBC}") = "Techodist.Catalog.Application", "src\Services\Catalog\Techodist.Catalog.Application\Techodist.Catalog.Application.csproj", "{8F0D0962-13C2-4573-82B3-318E3F2307A7}"
EndProject
Project("{FAE04EC0-301F-11D3-BF4B-00C04F79EFBC}") = "Techodist.Catalog.Infrastructure", "src\Services\Catalog\Techodist.Catalog.Infrastructure\Techodist.Catalog.Infrastructure.csproj", "{4016B36E-25EF-4C67-BC13-84C3C307028E}"
EndProject
Project("{FAE04EC0-301F-11D3-BF4B-00C04F79EFBC}") = "Techodist.Catalog.Api", "src\Services\Catalog\Techodist.Catalog.Api\Techodist.Catalog.Api.csproj", "{0023D25B-4D85-4EDD-9AB7-958F5BB138F9}"
EndProject
Project("{2150E333-8FDC-42A3-9474-1A3956D46DE8}") = "tests", "tests", "{583F9C51-22B8-59F5-4A60-045B52DD079E}"
EndProject
Project("{FAE04EC0-301F-11D3-BF4B-00C04F79EFBC}") = "Techodist.Catalog.UnitTests", "src\Services\Catalog\tests\Techodist.Catalog.UnitTests\Techodist.Catalog.UnitTests.csproj", "{D6F5B46B-344D-481C-B833-880F2FAB4BDA}"
EndProject
Global
	GlobalSection(SolutionConfigurationPlatforms) = preSolution
		Debug|Any CPU = Debug|Any CPU
		Debug|x64 = Debug|x64
		Debug|x86 = Debug|x86
		Release|Any CPU = Release|Any CPU
		Release|x64 = Release|x64
		Release|x86 = Release|x86
	EndGlobalSection
	GlobalSection(ProjectConfigurationPlatforms) = postSolution
		{D9659F4B-1164-44C2-B770-6D64B3C226C6}.Debug|Any CPU.ActiveCfg = Debug|Any CPU
		{D9659F4B-1164-44C2-B770-6D64B3C226C6}.Debug|Any CPU.Build.0 = Debug|Any CPU
		{D9659F4B-1164-44C2-B770-6D64B3C226C6}.Debug|x64.ActiveCfg = Debug|Any CPU
		{D9659F4B-1164-44C2-B770-6D64B3C226C6}.Debug|x64.Build.0 = Debug|Any CPU
		{D9659F4B-1164-44C2-B770-6D64B3C226C6}.Debug|x86.ActiveCfg = Debug|Any CPU
		{D9659F4B-1164-44C2-B770-6D64B3C226C6}.Debug|x86.Build.0 = Debug|Any CPU
		{D9659F4B-1164-44C2-B770-6D64B3C226C6}.Release|Any CPU.ActiveCfg = Release|Any CPU
		{D9659F4B-1164-44C2-B770-6D64B3C226C6}.Release|Any CPU.Build.0 = Release|Any CPU
		{D9659F4B-1164-44C2-B770-6D64B3C226C6}.Release|x64.ActiveCfg = Release|Any CPU
		{D9659F4B-1164-44C2-B770-6D64B3C226C6}.Release|x64.Build.0 = Release|Any CPU
		{D9659F4B-1164-44C2-B770-6D64B3C226C6}.Release|x86.ActiveCfg = Release|Any CPU
		{D9659F4B-1164-44C2-B770-6D64B3C226C6}.Release|x86.Build.0 = Release|Any CPU
		{4844E056-17B2-42E1-8AE7-9A3721C49BEC}.Debug|Any CPU.ActiveCfg = Debug|Any CPU
		{4844E056-17B2-42E1-8AE7-9A3721C49BEC}.Debug|Any CPU.Build.0 = Debug|Any CPU
		{4844E056-17B2-42E1-8AE7-9A3721C49BEC}.Debug|x64.ActiveCfg = Debug|Any CPU
		{4844E056-17B2-42E1-8AE7-9A3721C49BEC}.Debug|x64.Build.0 = Debug|Any CPU
		{4844E056-17B2-42E1-8AE7-9A3721C49BEC}.Debug|x86.ActiveCfg = Debug|Any CPU
		{4844E056-17B2-42E1-8AE7-9A3721C49BEC}.Debug|x86.Build.0 = Debug|Any CPU
		{4844E056-17B2-42E1-8AE7-9A3721C49BEC}.Release|Any CPU.ActiveCfg = Release|Any CPU
		{4844E056-17B2-42E1-8AE7-9A3721C49BEC}.Release|Any CPU.Build.0 = Release|Any CPU
		{4844E056-17B2-42E1-8AE7-9A3721C49BEC}.Release|x64.ActiveCfg = Release|Any CPU
		{4844E056-17B2-42E1-8AE7-9A3721C49BEC}.Release|x64.Build.0 = Release|Any CPU
		{4844E056-17B2-42E1-8AE7-9A3721C49BEC}.Release|x86.ActiveCfg = Release|Any CPU
		{4844E056-17B2-42E1-8AE7-9A3721C49BEC}.Release|x86.Build.0 = Release|Any CPU
		{B0CAC514-71C8-4E29-A7EA-0709A2CE8085}.Debug|Any CPU.ActiveCfg = Debug|Any CPU
		{B0CAC514-71C8-4E29-A7EA-0709A2CE8085}.Debug|Any CPU.Build.0 = Debug|Any CPU
		{B0CAC514-71C8-4E29-A7EA-0709A2CE8085}.Debug|x64.ActiveCfg = Debug|Any CPU
		{B0CAC514-71C8-4E29-A7EA-0709A2CE8085}.Debug|x64.Build.0 = Debug|Any CPU
		{B0CAC514-71C8-4E29-A7EA-0709A2CE8085}.Debug|x86.ActiveCfg = Debug|Any CPU
		{B0CAC514-71C8-4E29-A7EA-0709A2CE8085}.Debug|x86.Build.0 = Debug|Any CPU
		{B0CAC514-71C8-4E29-A7EA-0709A2CE8085}.Release|Any CPU.ActiveCfg = Release|Any CPU
		{B0CAC514-71C8-4E29-A7EA-0709A2CE8085}.Release|Any CPU.Build.0 = Release|Any CPU
		{B0CAC514-71C8-4E29-A7EA-0709A2CE8085}.Release|x64.ActiveCfg = Release|Any CPU
		{B0CAC514-71C8-4E29-A7EA-0709A2CE8085}.Release|x64.Build.0 = Release|Any CPU
		{B0CAC514-71C8-4E29-A7EA-0709A2CE8085}.Release|x86.ActiveCfg = Release|Any CPU
		{B0CAC514-71C8-4E29-A7EA-0709A2CE8085}.Release|x86.Build.0 = Release|Any CPU
		{A4F3FA08-3BDC-4610-BDE7-F97B73D86C38}.Debug|Any CPU.ActiveCfg = Debug|Any CPU
		{A4F3FA08-3BDC-4610-BDE7-F97B73D86C38}.Debug|Any CPU.Build.0 = Debug|Any CPU
		{A4F3FA08-3BDC-4610-BDE7-F97B73D86C38}.Debug|x64.ActiveCfg = Debug|Any CPU
		{A4F3FA08-3BDC-4610-BDE7-F97B73D86C38}.Debug|x64.Build.0 = Debug|Any CPU
		{A4F3FA08-3BDC-4610-BDE7-F97B73D86C38}.Debug|x86.ActiveCfg = Debug|Any CPU
		{A4F3FA08-3BDC-4610-BDE7-F97B73D86C38}.Debug|x86.Build.0 = Debug|Any CPU
		{A4F3FA08-3BDC-4610-BDE7-F97B73D86C38}.Release|Any CPU.ActiveCfg = Release|Any CPU
		{A4F3FA08-3BDC-4610-BDE7-F97B73D86C38}.Release|Any CPU.Build.0 = Release|Any CPU
		{A4F3FA08-3BDC-4610-BDE7-F97B73D86C38}.Release|x64.ActiveCfg = Release|Any CPU
		{A4F3FA08-3BDC-4610-BDE7-F97B73D86C38}.Release|x64.Build.0 = Release|Any CPU
		{A4F3FA08-3BDC-4610-BDE7-F97B73D86C38}.Release|x86.ActiveCfg = Release|Any CPU
		{A4F3FA08-3BDC-4610-BDE7-F97B73D86C38}.Release|x86.Build.0 = Release|Any CPU
		{4F0C6ABF-D95C-40B1-9DE8-133754914BF9}.Debug|Any CPU.ActiveCfg = Debug|Any CPU
		{4F0C6ABF-D95C-40B1-9DE8-133754914BF9}.Debug|Any CPU.Build.0 = Debug|Any CPU
		{4F0C6ABF-D95C-40B1-9DE8-133754914BF9}.Debug|x64.ActiveCfg = Debug|Any CPU
		{4F0C6ABF-D95C-40B1-9DE8-133754914BF9}.Debug|x64.Build.0 = Debug|Any CPU
		{4F0C6ABF-D95C-40B1-9DE8-133754914BF9}.Debug|x86.ActiveCfg = Debug|Any CPU
		{4F0C6ABF-D95C-40B1-9DE8-133754914BF9}.Debug|x86.Build.0 = Debug|Any CPU
		{4F0C6ABF-D95C-40B1-9DE8-133754914BF9}.Release|Any CPU.ActiveCfg = Release|Any CPU
		{4F0C6ABF-D95C-40B1-9DE8-133754914BF9}.Release|Any CPU.Build.0 = Release|Any CPU
		{4F0C6ABF-D95C-40B1-9DE8-133754914BF9}.Release|x64.ActiveCfg = Release|Any CPU
		{4F0C6ABF-D95C-40B1-9DE8-133754914BF9}.Release|x64.Build.0 = Release|Any CPU
		{4F0C6ABF-D95C-40B1-9DE8-133754914BF9}.Release|x86.ActiveCfg = Release|Any CPU
		{4F0C6ABF-D95C-40B1-9DE8-133754914BF9}.Release|x86.Build.0 = Release|Any CPU
		{8F0D0962-13C2-4573-82B3-318E3F2307A7}.Debug|Any CPU.ActiveCfg = Debug|Any CPU
		{8F0D0962-13C2-4573-82B3-318E3F2307A7}.Debug|Any CPU.Build.0 = Debug|Any CPU
		{8F0D0962-13C2-4573-82B3-318E3F2307A7}.Debug|x64.ActiveCfg = Debug|Any CPU
		{8F0D0962-13C2-4573-82B3-318E3F2307A7}.Debug|x64.Build.0 = Debug|Any CPU
		{8F0D0962-13C2-4573-82B3-318E3F2307A7}.Debug|x86.ActiveCfg = Debug|Any CPU
		{8F0D0962-13C2-4573-82B3-318E3F2307A7}.Debug|x86.Build.0 = Debug|Any CPU
		{8F0D0962-13C2-4573-82B3-318E3F2307A7}.Release|Any CPU.ActiveCfg = Release|Any CPU
		{8F0D0962-13C2-4573-82B3-318E3F2307A7}.Release|Any CPU.Build.0 = Release|Any CPU
		{8F0D0962-13C2-4573-82B3-318E3F2307A7}.Release|x64.ActiveCfg = Release|Any CPU
		{8F0D0962-13C2-4573-82B3-318E3F2307A7}.Release|x64.Build.0 = Release|Any CPU
		{8F0D0962-13C2-4573-82B3-318E3F2307A7}.Release|x86.ActiveCfg = Release|Any CPU
		{8F0D0962-13C2-4573-82B3-318E3F2307A7}.Release|x86.Build.0 = Release|Any CPU
		{4016B36E-25EF-4C67-BC13-84C3C307028E}.Debug|Any CPU.ActiveCfg = Debug|Any CPU
		{4016B36E-25EF-4C67-BC13-84C3C307028E}.Debug|Any CPU.Build.0 = Debug|Any CPU
		{4016B36E-25EF-4C67-BC13-84C3C307028E}.Debug|x64.ActiveCfg = Debug|Any CPU
		{4016B36E-25EF-4C67-BC13-84C3C307028E}.Debug|x64.Build.0 = Debug|Any CPU
		{4016B36E-25EF-4C67-BC13-84C3C307028E}.Debug|x86.ActiveCfg = Debug|Any CPU
		{4016B36E-25EF-4C67-BC13-84C3C307028E}.Debug|x86.Build.0 = Debug|Any CPU
		{4016B36E-25EF-4C67-BC13-84C3C307028E}.Release|Any CPU.ActiveCfg = Release|Any CPU
		{4016B36E-25EF-4C67-BC13-84C3C307028E}.Release|Any CPU.Build.0 = Release|Any CPU
		{4016B36E-25EF-4C67-BC13-84C3C307028E}.Release|x64.ActiveCfg = Release|Any CPU
		{4016B36E-25EF-4C67-BC13-84C3C307028E}.Release|x64.Build.0 = Release|Any CPU
		{4016B36E-25EF-4C67-BC13-84C3C307028E}.Release|x86.ActiveCfg = Release|Any CPU
		{4016B36E-25EF-4C67-BC13-84C3C307028E}.Release|x86.Build.0 = Release|Any CPU
		{0023D25B-4D85-4EDD-9AB7-958F5BB138F9}.Debug|Any CPU.ActiveCfg = Debug|Any CPU
		{0023D25B-4D85-4EDD-9AB7-958F5BB138F9}.Debug|Any CPU.Build.0 = Debug|Any CPU
		{0023D25B-4D85-4EDD-9AB7-958F5BB138F9}.Debug|x64.ActiveCfg = Debug|Any CPU
		{0023D25B-4D85-4EDD-9AB7-958F5BB138F9}.Debug|x64.Build.0 = Debug|Any CPU
		{0023D25B-4D85-4EDD-9AB7-958F5BB138F9}.Debug|x86.ActiveCfg = Debug|Any CPU
		{0023D25B-4D85-4EDD-9AB7-958F5BB138F9}.Debug|x86.Build.0 = Debug|Any CPU
		{0023D25B-4D85-4EDD-9AB7-958F5BB138F9}.Release|Any CPU.ActiveCfg = Release|Any CPU
		{0023D25B-4D85-4EDD-9AB7-958F5BB138F9}.Release|Any CPU.Build.0 = Release|Any CPU
		{0023D25B-4D85-4EDD-9AB7-958F5BB138F9}.Release|x64.ActiveCfg = Release|Any CPU
		{0023D25B-4D85-4EDD-9AB7-958F5BB138F9}.Release|x64.Build.0 = Release|Any CPU
		{0023D25B-4D85-4EDD-9AB7-958F5BB138F9}.Release|x86.ActiveCfg = Release|Any CPU
		{0023D25B-4D85-4EDD-9AB7-958F5BB138F9}.Release|x86.Build.0 = Release|Any CPU
		{D6F5B46B-344D-481C-B833-880F2FAB4BDA}.Debug|Any CPU.ActiveCfg = Debug|Any CPU
		{D6F5B46B-344D-481C-B833-880F2FAB4BDA}.Debug|Any CPU.Build.0 = Debug|Any CPU
		{D6F5B46B-344D-481C-B833-880F2FAB4BDA}.Debug|x64.ActiveCfg = Debug|Any CPU
		{D6F5B46B-344D-481C-B833-880F2FAB4BDA}.Debug|x64.Build.0 = Debug|Any CPU
		{D6F5B46B-344D-481C-B833-880F2FAB4BDA}.Debug|x86.ActiveCfg = Debug|Any CPU
		{D6F5B46B-344D-481C-B833-880F2FAB4BDA}.Debug|x86.Build.0 = Debug|Any CPU
		{D6F5B46B-344D-481C-B833-880F2FAB4BDA}.Release|Any CPU.ActiveCfg = Release|Any CPU
		{D6F5B46B-344D-481C-B833-880F2FAB4BDA}.Release|Any CPU.Build.0 = Release|Any CPU
		{D6F5B46B-344D-481C-B833-880F2FAB4BDA}.Release|x64.ActiveCfg = Release|Any CPU
		{D6F5B46B-344D-481C-B833-880F2FAB4BDA}.Release|x64.Build.0 = Release|Any CPU
		{D6F5B46B-344D-481C-B833-880F2FAB4BDA}.Release|x86.ActiveCfg = Release|Any CPU
		{D6F5B46B-344D-481C-B833-880F2FAB4BDA}.Release|x86.Build.0 = Release|Any CPU
	EndGlobalSection
	GlobalSection(SolutionProperties) = preSolution
		HideSolutionNode = FALSE
	EndGlobalSection
	GlobalSection(NestedProjects) = preSolution
		{90298CBA-BD6F-3A0A-69D5-97CAD7B05E7E} = {827E0CD3-B72D-47B6-A68D-7590B98EB39B}
		{D9659F4B-1164-44C2-B770-6D64B3C226C6} = {90298CBA-BD6F-3A0A-69D5-97CAD7B05E7E}
		{4844E056-17B2-42E1-8AE7-9A3721C49BEC} = {90298CBA-BD6F-3A0A-69D5-97CAD7B05E7E}
		{B0CAC514-71C8-4E29-A7EA-0709A2CE8085} = {90298CBA-BD6F-3A0A-69D5-97CAD7B05E7E}
		{A4F3FA08-3BDC-4610-BDE7-F97B73D86C38} = {90298CBA-BD6F-3A0A-69D5-97CAD7B05E7E}
		{984BB9B3-3FA3-BE33-9484-CAC21695A33C} = {827E0CD3-B72D-47B6-A68D-7590B98EB39B}
		{C91C1CF1-1625-0789-F869-53D87D6277BA} = {984BB9B3-3FA3-BE33-9484-CAC21695A33C}
		{4F0C6ABF-D95C-40B1-9DE8-133754914BF9} = {C91C1CF1-1625-0789-F869-53D87D6277BA}
		{8F0D0962-13C2-4573-82B3-318E3F2307A7} = {C91C1CF1-1625-0789-F869-53D87D6277BA}
		{4016B36E-25EF-4C67-BC13-84C3C307028E} = {C91C1CF1-1625-0789-F869-53D87D6277BA}
		{0023D25B-4D85-4EDD-9AB7-958F5BB138F9} = {C91C1CF1-1625-0789-F869-53D87D6277BA}
		{583F9C51-22B8-59F5-4A60-045B52DD079E} = {C91C1CF1-1625-0789-F869-53D87D6277BA}
		{D6F5B46B-344D-481C-B833-880F2FAB4BDA} = {583F9C51-22B8-59F5-4A60-045B52DD079E}
	EndGlobalSection
EndGlobal
